
Microsoft Visual Studio Solution File, Format Version 11.00
# Visual Studio 2010
Project("{FAE04EC0-301F-11D3-BF4B-00C04F79EFBC}") = "ImportSportFlowersPlayers", "ImportSportFlowersPlayers\ImportSportFlowersPlayers.csproj", "{EDD3C68F-3568-4F66-8C1B-3036835AAA01}"
EndProject
Project("{FAE04EC0-301F-11D3-BF4B-00C04F79EFBC}") = "Sport.Common", "..\ISF\Sport.Common\Sport.Common.csproj", "{3154D160-E176-4C5A-A37D-B7700AC5ED48}"
EndProject
Project("{FAE04EC0-301F-11D3-BF4B-00C04F79EFBC}") = "Sport.Core", "..\ISF\Sport.Core\Sport.Core.csproj", "{CBEF2D44-E51E-4388-B0C5-D95490D9EE35}"
EndProject
Global
	GlobalSection(SolutionConfigurationPlatforms) = preSolution
		Debug|Any CPU = Debug|Any CPU
		Debug|Mixed Platforms = Debug|Mixed Platforms
		Debug|x86 = Debug|x86
		Release|Any CPU = Release|Any CPU
		Release|Mixed Platforms = Release|Mixed Platforms
		Release|x86 = Release|x86
	EndGlobalSection
	GlobalSection(ProjectConfigurationPlatforms) = postSolution
		{EDD3C68F-3568-4F66-8C1B-3036835AAA01}.Debug|Any CPU.ActiveCfg = Debug|x86
		{EDD3C68F-3568-4F66-8C1B-3036835AAA01}.Debug|Mixed Platforms.ActiveCfg = Debug|x86
		{EDD3C68F-3568-4F66-8C1B-3036835AAA01}.Debug|Mixed Platforms.Build.0 = Debug|x86
		{EDD3C68F-3568-4F66-8C1B-3036835AAA01}.Debug|x86.ActiveCfg = Debug|x86
		{EDD3C68F-3568-4F66-8C1B-3036835AAA01}.Debug|x86.Build.0 = Debug|x86
		{EDD3C68F-3568-4F66-8C1B-3036835AAA01}.Release|Any CPU.ActiveCfg = Release|x86
		{EDD3C68F-3568-4F66-8C1B-3036835AAA01}.Release|Mixed Platforms.ActiveCfg = Release|x86
		{EDD3C68F-3568-4F66-8C1B-3036835AAA01}.Release|Mixed Platforms.Build.0 = Release|x86
		{EDD3C68F-3568-4F66-8C1B-3036835AAA01}.Release|x86.ActiveCfg = Release|x86
		{EDD3C68F-3568-4F66-8C1B-3036835AAA01}.Release|x86.Build.0 = Release|x86
		{3154D160-E176-4C5A-A37D-B7700AC5ED48}.Debug|Any CPU.ActiveCfg = Debug|Any CPU
		{3154D160-E176-4C5A-A37D-B7700AC5ED48}.Debug|Any CPU.Build.0 = Debug|Any CPU
		{3154D160-E176-4C5A-A37D-B7700AC5ED48}.Debug|Mixed Platforms.ActiveCfg = Debug|Any CPU
		{3154D160-E176-4C5A-A37D-B7700AC5ED48}.Debug|Mixed Platforms.Build.0 = Debug|Any CPU
		{3154D160-E176-4C5A-A37D-B7700AC5ED48}.Debug|x86.ActiveCfg = Debug|Any CPU
		{3154D160-E176-4C5A-A37D-B7700AC5ED48}.Release|Any CPU.ActiveCfg = Release|Any CPU
		{3154D160-E176-4C5A-A37D-B7700AC5ED48}.Release|Any CPU.Build.0 = Release|Any CPU
		{3154D160-E176-4C5A-A37D-B7700AC5ED48}.Release|Mixed Platforms.ActiveCfg = Release|Any CPU
		{3154D160-E176-4C5A-A37D-B7700AC5ED48}.Release|Mixed Platforms.Build.0 = Release|Any CPU
		{3154D160-E176-4C5A-A37D-B7700AC5ED48}.Release|x86.ActiveCfg = Release|Any CPU
		{CBEF2D44-E51E-4388-B0C5-D95490D9EE35}.Debug|Any CPU.ActiveCfg = Debug|Any CPU
		{CBEF2D44-E51E-4388-B0C5-D95490D9EE35}.Debug|Any CPU.Build.0 = Debug|Any CPU
		{CBEF2D44-E51E-4388-B0C5-D95490D9EE35}.Debug|Mixed Platforms.ActiveCfg = Debug|Any CPU
		{CBEF2D44-E51E-4388-B0C5-D95490D9EE35}.Debug|Mixed Platforms.Build.0 = Debug|Any CPU
		{CBEF2D44-E51E-4388-B0C5-D95490D9EE35}.Debug|x86.ActiveCfg = Debug|Any CPU
		{CBEF2D44-E51E-4388-B0C5-D95490D9EE35}.Release|Any CPU.ActiveCfg = Release|Any CPU
		{CBEF2D44-E51E-4388-B0C5-D95490D9EE35}.Release|Any CPU.Build.0 = Release|Any CPU
		{CBEF2D44-E51E-4388-B0C5-D95490D9EE35}.Release|Mixed Platforms.ActiveCfg = Release|Any CPU
		{CBEF2D44-E51E-4388-B0C5-D95490D9EE35}.Release|Mixed Platforms.Build.0 = Release|Any CPU
		{CBEF2D44-E51E-4388-B0C5-D95490D9EE35}.Release|x86.ActiveCfg = Release|Any CPU
	EndGlobalSection
	GlobalSection(SolutionProperties) = preSolution
		HideSolutionNode = FALSE
	EndGlobalSection
EndGlobal
