Microsoft Visual Studio Solution File, Format Version 12.00
# Visual Studio Version 16
VisualStudioVersion = 16.0.32106.194
MinimumVisualStudioVersion = 10.0.40219.1
Project("{FAE04EC0-301F-11D3-BF4B-00C04F79EFBC}") = "Sportsman", "Sportsman\Sportsman.csproj", "{E411DB6F-DE4C-4CAA-8F40-12844E07FE86}"
EndProject
Project("{FAE04EC0-301F-11D3-BF4B-00C04F79EFBC}") = "Resource", "Resource\Resource.csproj", "{B4996132-2AFA-4D76-9036-0826F56AF584}"
EndProject
Project("{FAE04EC0-301F-11D3-BF4B-00C04F79EFBC}") = "Sport.Championships", "Sport.Championships\Sport.Championships.csproj", "{573D453C-1066-4645-9454-EB85D4E13341}"
EndProject
Project("{FAE04EC0-301F-11D3-BF4B-00C04F79EFBC}") = "Sport.Common", "Sport.Common\Sport.Common.csproj", "{3154D160-E176-4C5A-A37D-B7700AC5ED48}"
EndProject
Project("{FAE04EC0-301F-11D3-BF4B-00C04F79EFBC}") = "Sport.Core", "Sport.Core\Sport.Core.csproj", "{CBEF2D44-E51E-4388-B0C5-D95490D9EE35}"
EndProject
Project("{FAE04EC0-301F-11D3-BF4B-00C04F79EFBC}") = "Sport.Data", "Sport.Data\Sport.Data.csproj", "{9E5716D4-7EE1-402B-9B17-A63DA336FB2F}"
EndProject
Project("{FAE04EC0-301F-11D3-BF4B-00C04F79EFBC}") = "Sport.Documents", "Sport.Documents\Sport.Documents.csproj", "{35009617-4AD3-4E46-94AF-8DD12B5812C5}"
EndProject
Project("{FAE04EC0-301F-11D3-BF4B-00C04F79EFBC}") = "Sport.Entities", "Sport.Entities\Sport.Entities.csproj", "{BD6A1B0E-EDDD-4CC1-B97B-DB5BEB63FF37}"
EndProject
Project("{FAE04EC0-301F-11D3-BF4B-00C04F79EFBC}") = "Sport.Printing", "Sport.Printing\Sport.Printing.csproj", "{0F1478AE-57F9-49FF-BD77-600049A3D06D}"
EndProject
Project("{FAE04EC0-301F-11D3-BF4B-00C04F79EFBC}") = "Sport.Producer", "Sport.Producer\Sport.Producer.csproj", "{D9C0685D-4D0D-47BB-8C92-43B5FC9D1041}"
EndProject
Project("{FAE04EC0-301F-11D3-BF4B-00C04F79EFBC}") = "Sport.Producer.UI", "Sport.Producer.UI\Sport.Producer.UI.csproj", "{9E5FB2D9-DC17-4DF5-A9B9-AF7FDD2BA12A}"
EndProject
Project("{FAE04EC0-301F-11D3-BF4B-00C04F79EFBC}") = "Sport.Rulesets", "Sport.Rulesets\Sport.Rulesets.csproj", "{ED50D5E5-2F21-429A-A352-B6EE7475BA12}"
EndProject
Project("{FAE04EC0-301F-11D3-BF4B-00C04F79EFBC}") = "Sport.Types", "Sport.Types\Sport.Types.csproj", "{052417D1-9263-494E-975E-71DD92C96C9C}"
EndProject
Project("{FAE04EC0-301F-11D3-BF4B-00C04F79EFBC}") = "Sport.UI", "Sport.UI\Sport.UI.csproj", "{9CB03EAE-FEF5-4F9B-B8D7-E3EC0B9CC487}"
EndProject
Project("{FAE04EC0-301F-11D3-BF4B-00C04F79EFBC}") = "SportVersionUpdate", "SportVersionUpdate\SportVersionUpdate.csproj", "{058E47F3-E7CF-4243-849B-9AC5CC890013}"
EndProject
Project("{C8D11400-126E-41CD-887F-60BD40844F9E}") = "Database", "Database\Database.dbproj", "{67CBC824-A49E-4E9B-A947-360F3DFE65C3}"
EndProject
Project("{2150E333-8FDC-42A3-9474-1A3956D46DE8}") = "Dependencies", "Dependencies", "{7B4ABAD0-C555-4FB2-85B3-3B7A30DF8AC3}"
EndProject
Project("{FAE04EC0-301F-11D3-BF4B-00C04F79EFBC}") = "Sport.Synchronization", "Sport.Synchronization\Sport.Synchronization.csproj", "{1C23302D-99B6-4399-91FE-338287B73A0B}"
EndProject
Project("{FAE04EC0-301F-11D3-BF4B-00C04F79EFBC}") = "Mir.Common", "..\Mir\Mir.Common.csproj", "{40A5FF1C-6C41-4650-A736-8245ECF66A04}"
EndProject
Global
	GlobalSection(SolutionConfigurationPlatforms) = preSolution
		Debug|Any CPU = Debug|Any CPU
		Release|Any CPU = Release|Any CPU
	EndGlobalSection
	GlobalSection(ProjectConfigurationPlatforms) = postSolution
		{E411DB6F-DE4C-4CAA-8F40-12844E07FE86}.Debug|Any CPU.ActiveCfg = Debug|Any CPU
		{E411DB6F-DE4C-4CAA-8F40-12844E07FE86}.Debug|Any CPU.Build.0 = Debug|Any CPU
		{E411DB6F-DE4C-4CAA-8F40-12844E07FE86}.Release|Any CPU.ActiveCfg = Release|Any CPU
		{E411DB6F-DE4C-4CAA-8F40-12844E07FE86}.Release|Any CPU.Build.0 = Release|Any CPU
		{B4996132-2AFA-4D76-9036-0826F56AF584}.Debug|Any CPU.ActiveCfg = Debug|Any CPU
		{B4996132-2AFA-4D76-9036-0826F56AF584}.Debug|Any CPU.Build.0 = Debug|Any CPU
		{B4996132-2AFA-4D76-9036-0826F56AF584}.Release|Any CPU.ActiveCfg = Release|Any CPU
		{B4996132-2AFA-4D76-9036-0826F56AF584}.Release|Any CPU.Build.0 = Release|Any CPU
		{573D453C-1066-4645-9454-EB85D4E13341}.Debug|Any CPU.ActiveCfg = Debug|Any CPU
		{573D453C-1066-4645-9454-EB85D4E13341}.Debug|Any CPU.Build.0 = Debug|Any CPU
		{573D453C-1066-4645-9454-EB85D4E13341}.Release|Any CPU.ActiveCfg = Release|Any CPU
		{573D453C-1066-4645-9454-EB85D4E13341}.Release|Any CPU.Build.0 = Release|Any CPU
		{3154D160-E176-4C5A-A37D-B7700AC5ED48}.Debug|Any CPU.ActiveCfg = Debug|Any CPU
		{3154D160-E176-4C5A-A37D-B7700AC5ED48}.Debug|Any CPU.Build.0 = Debug|Any CPU
		{3154D160-E176-4C5A-A37D-B7700AC5ED48}.Release|Any CPU.ActiveCfg = Release|Any CPU
		{3154D160-E176-4C5A-A37D-B7700AC5ED48}.Release|Any CPU.Build.0 = Release|Any CPU
		{CBEF2D44-E51E-4388-B0C5-D95490D9EE35}.Debug|Any CPU.ActiveCfg = Debug|Any CPU
		{CBEF2D44-E51E-4388-B0C5-D95490D9EE35}.Debug|Any CPU.Build.0 = Debug|Any CPU
		{CBEF2D44-E51E-4388-B0C5-D95490D9EE35}.Release|Any CPU.ActiveCfg = Release|Any CPU
		{CBEF2D44-E51E-4388-B0C5-D95490D9EE35}.Release|Any CPU.Build.0 = Release|Any CPU
		{9E5716D4-7EE1-402B-9B17-A63DA336FB2F}.Debug|Any CPU.ActiveCfg = Debug|Any CPU
		{9E5716D4-7EE1-402B-9B17-A63DA336FB2F}.Debug|Any CPU.Build.0 = Debug|Any CPU
		{9E5716D4-7EE1-402B-9B17-A63DA336FB2F}.Release|Any CPU.ActiveCfg = Release|Any CPU
		{9E5716D4-7EE1-402B-9B17-A63DA336FB2F}.Release|Any CPU.Build.0 = Release|Any CPU
		{35009617-4AD3-4E46-94AF-8DD12B5812C5}.Debug|Any CPU.ActiveCfg = Debug|Any CPU
		{35009617-4AD3-4E46-94AF-8DD12B5812C5}.Debug|Any CPU.Build.0 = Debug|Any CPU
		{35009617-4AD3-4E46-94AF-8DD12B5812C5}.Release|Any CPU.ActiveCfg = Release|Any CPU
		{35009617-4AD3-4E46-94AF-8DD12B5812C5}.Release|Any CPU.Build.0 = Release|Any CPU
		{BD6A1B0E-EDDD-4CC1-B97B-DB5BEB63FF37}.Debug|Any CPU.ActiveCfg = Debug|Any CPU
		{BD6A1B0E-EDDD-4CC1-B97B-DB5BEB63FF37}.Debug|Any CPU.Build.0 = Debug|Any CPU
		{BD6A1B0E-EDDD-4CC1-B97B-DB5BEB63FF37}.Release|Any CPU.ActiveCfg = Release|Any CPU
		{BD6A1B0E-EDDD-4CC1-B97B-DB5BEB63FF37}.Release|Any CPU.Build.0 = Release|Any CPU
		{0F1478AE-57F9-49FF-BD77-600049A3D06D}.Debug|Any CPU.ActiveCfg = Debug|Any CPU
		{0F1478AE-57F9-49FF-BD77-600049A3D06D}.Debug|Any CPU.Build.0 = Debug|Any CPU
		{0F1478AE-57F9-49FF-BD77-600049A3D06D}.Release|Any CPU.ActiveCfg = Release|Any CPU
		{0F1478AE-57F9-49FF-BD77-600049A3D06D}.Release|Any CPU.Build.0 = Release|Any CPU
		{D9C0685D-4D0D-47BB-8C92-43B5FC9D1041}.Debug|Any CPU.ActiveCfg = Debug|Any CPU
		{D9C0685D-4D0D-47BB-8C92-43B5FC9D1041}.Debug|Any CPU.Build.0 = Debug|Any CPU
		{D9C0685D-4D0D-47BB-8C92-43B5FC9D1041}.Release|Any CPU.ActiveCfg = Release|Any CPU
		{D9C0685D-4D0D-47BB-8C92-43B5FC9D1041}.Release|Any CPU.Build.0 = Release|Any CPU
		{9E5FB2D9-DC17-4DF5-A9B9-AF7FDD2BA12A}.Debug|Any CPU.ActiveCfg = Debug|Any CPU
		{9E5FB2D9-DC17-4DF5-A9B9-AF7FDD2BA12A}.Debug|Any CPU.Build.0 = Debug|Any CPU
		{9E5FB2D9-DC17-4DF5-A9B9-AF7FDD2BA12A}.Release|Any CPU.ActiveCfg = Release|Any CPU
		{9E5FB2D9-DC17-4DF5-A9B9-AF7FDD2BA12A}.Release|Any CPU.Build.0 = Release|Any CPU
		{ED50D5E5-2F21-429A-A352-B6EE7475BA12}.Debug|Any CPU.ActiveCfg = Debug|Any CPU
		{ED50D5E5-2F21-429A-A352-B6EE7475BA12}.Debug|Any CPU.Build.0 = Debug|Any CPU
		{ED50D5E5-2F21-429A-A352-B6EE7475BA12}.Release|Any CPU.ActiveCfg = Release|Any CPU
		{ED50D5E5-2F21-429A-A352-B6EE7475BA12}.Release|Any CPU.Build.0 = Release|Any CPU
		{052417D1-9263-494E-975E-71DD92C96C9C}.Debug|Any CPU.ActiveCfg = Debug|Any CPU
		{052417D1-9263-494E-975E-71DD92C96C9C}.Debug|Any CPU.Build.0 = Debug|Any CPU
		{052417D1-9263-494E-975E-71DD92C96C9C}.Release|Any CPU.ActiveCfg = Release|Any CPU
		{052417D1-9263-494E-975E-71DD92C96C9C}.Release|Any CPU.Build.0 = Release|Any CPU
		{9CB03EAE-FEF5-4F9B-B8D7-E3EC0B9CC487}.Debug|Any CPU.ActiveCfg = Debug|Any CPU
		{9CB03EAE-FEF5-4F9B-B8D7-E3EC0B9CC487}.Debug|Any CPU.Build.0 = Debug|Any CPU
		{9CB03EAE-FEF5-4F9B-B8D7-E3EC0B9CC487}.Release|Any CPU.ActiveCfg = Release|Any CPU
		{9CB03EAE-FEF5-4F9B-B8D7-E3EC0B9CC487}.Release|Any CPU.Build.0 = Release|Any CPU
		{058E47F3-E7CF-4243-849B-9AC5CC890013}.Debug|Any CPU.ActiveCfg = Debug|Any CPU
		{058E47F3-E7CF-4243-849B-9AC5CC890013}.Debug|Any CPU.Build.0 = Debug|Any CPU
		{058E47F3-E7CF-4243-849B-9AC5CC890013}.Release|Any CPU.ActiveCfg = Release|Any CPU
		{058E47F3-E7CF-4243-849B-9AC5CC890013}.Release|Any CPU.Build.0 = Release|Any CPU
		{67CBC824-A49E-4E9B-A947-360F3DFE65C3}.Debug|Any CPU.ActiveCfg = Debug|Any CPU
		{67CBC824-A49E-4E9B-A947-360F3DFE65C3}.Release|Any CPU.ActiveCfg = Release|Any CPU
		{1C23302D-99B6-4399-91FE-338287B73A0B}.Debug|Any CPU.ActiveCfg = Debug|Any CPU
		{1C23302D-99B6-4399-91FE-338287B73A0B}.Debug|Any CPU.Build.0 = Debug|Any CPU
		{1C23302D-99B6-4399-91FE-338287B73A0B}.Release|Any CPU.ActiveCfg = Release|Any CPU
		{1C23302D-99B6-4399-91FE-338287B73A0B}.Release|Any CPU.Build.0 = Release|Any CPU
		{40A5FF1C-6C41-4650-A736-8245ECF66A04}.Debug|Any CPU.ActiveCfg = Debug|Any CPU
		{40A5FF1C-6C41-4650-A736-8245ECF66A04}.Debug|Any CPU.Build.0 = Debug|Any CPU
		{40A5FF1C-6C41-4650-A736-8245ECF66A04}.Release|Any CPU.ActiveCfg = Release|Any CPU
		{40A5FF1C-6C41-4650-A736-8245ECF66A04}.Release|Any CPU.Build.0 = Release|Any CPU
	EndGlobalSection
	GlobalSection(SolutionProperties) = preSolution
		HideSolutionNode = FALSE
	EndGlobalSection
	GlobalSection(NestedProjects) = preSolution
		{40A5FF1C-6C41-4650-A736-8245ECF66A04} = {7B4ABAD0-C555-4FB2-85B3-3B7A30DF8AC3}
	EndGlobalSection
	GlobalSection(ExtensibilityGlobals) = postSolution
		SolutionGuid = {492F1F6C-72B6-4403-96F8-38A9D29A99C4}
	EndGlobalSection
EndGlobal
